
Microsoft Visual Studio Solution File, Format Version 12.00
# Visual Studio 14
VisualStudioVersion = 14.0.23107.0
MinimumVisualStudioVersion = 10.0.40219.1
Project("{FAE04EC0-301F-11D3-BF4B-00C04F79EFBC}") = "Yuntongxun.iOS", "Yuntongxun.iOS\Yuntongxun.iOS.csproj", "{92E2AAD5-353B-472E-9E1A-7E083B94F598}"
EndProject
Project("{FAE04EC0-301F-11D3-BF4B-00C04F79EFBC}") = "Yuntongxun.Android", "Yuntongxun.Android\Yuntongxun.Android.csproj", "{41F843D7-50E4-4223-9201-BF0B5EB85C91}"
EndProject
Project("{2150E333-8FDC-42A3-9474-1A3956D46DE8}") = "Test", "Test", "{FA27C246-F662-4BDB-B3C9-17E8B236EB9E}"
EndProject
Project("{D954291E-2A0B-460D-934E-DC6B0785DB48}") = "Yuntongxun.Tests", "Test\Yuntongxun.Tests\Yuntongxun.Tests\Yuntongxun.Tests.shproj", "{5C8E128C-43C4-4652-BFBD-EB792A88AD47}"
EndProject
Project("{FAE04EC0-301F-11D3-BF4B-00C04F79EFBC}") = "Yuntongxun.Tests.iOS", "Test\Yuntongxun.Tests\Yuntongxun.Tests.iOS\Yuntongxun.Tests.iOS.csproj", "{8314E081-A9AF-4AD6-AB2A-25DC8C50D6C5}"
EndProject
Project("{FAE04EC0-301F-11D3-BF4B-00C04F79EFBC}") = "Yuntongxun.Tests.Droid", "Test\Yuntongxun.Tests\Yuntongxun.Tests.Droid\Yuntongxun.Tests.Droid.csproj", "{CCBF5D54-EB55-4968-9C50-F614EE697616}"
EndProject
Global
	GlobalSection(SharedMSBuildProjectFiles) = preSolution
		Test\Yuntongxun.Tests\Yuntongxun.Tests\Yuntongxun.Tests.projitems*{ccbf5d54-eb55-4968-9c50-f614ee697616}*SharedItemsImports = 4
		Test\Yuntongxun.Tests\Yuntongxun.Tests\Yuntongxun.Tests.projitems*{5c8e128c-43c4-4652-bfbd-eb792a88ad47}*SharedItemsImports = 13
		Test\Yuntongxun.Tests\Yuntongxun.Tests\Yuntongxun.Tests.projitems*{8314e081-a9af-4ad6-ab2a-25dc8c50d6c5}*SharedItemsImports = 4
	EndGlobalSection
	GlobalSection(SolutionConfigurationPlatforms) = preSolution
		Ad-Hoc|Any CPU = Ad-Hoc|Any CPU
		Ad-Hoc|ARM = Ad-Hoc|ARM
		Ad-Hoc|iPhone = Ad-Hoc|iPhone
		Ad-Hoc|iPhoneSimulator = Ad-Hoc|iPhoneSimulator
		Ad-Hoc|x86 = Ad-Hoc|x86
		AppStore|Any CPU = AppStore|Any CPU
		AppStore|ARM = AppStore|ARM
		AppStore|iPhone = AppStore|iPhone
		AppStore|iPhoneSimulator = AppStore|iPhoneSimulator
		AppStore|x86 = AppStore|x86
		Debug|Any CPU = Debug|Any CPU
		Debug|ARM = Debug|ARM
		Debug|iPhone = Debug|iPhone
		Debug|iPhoneSimulator = Debug|iPhoneSimulator
		Debug|x86 = Debug|x86
		Release|Any CPU = Release|Any CPU
		Release|ARM = Release|ARM
		Release|iPhone = Release|iPhone
		Release|iPhoneSimulator = Release|iPhoneSimulator
		Release|x86 = Release|x86
	EndGlobalSection
	GlobalSection(ProjectConfigurationPlatforms) = postSolution
		{92E2AAD5-353B-472E-9E1A-7E083B94F598}.Ad-Hoc|Any CPU.ActiveCfg = Release|Any CPU
		{92E2AAD5-353B-472E-9E1A-7E083B94F598}.Ad-Hoc|Any CPU.Build.0 = Release|Any CPU
		{92E2AAD5-353B-472E-9E1A-7E083B94F598}.Ad-Hoc|ARM.ActiveCfg = Release|Any CPU
		{92E2AAD5-353B-472E-9E1A-7E083B94F598}.Ad-Hoc|ARM.Build.0 = Release|Any CPU
		{92E2AAD5-353B-472E-9E1A-7E083B94F598}.Ad-Hoc|iPhone.ActiveCfg = Release|Any CPU
		{92E2AAD5-353B-472E-9E1A-7E083B94F598}.Ad-Hoc|iPhone.Build.0 = Release|Any CPU
		{92E2AAD5-353B-472E-9E1A-7E083B94F598}.Ad-Hoc|iPhoneSimulator.ActiveCfg = Release|Any CPU
		{92E2AAD5-353B-472E-9E1A-7E083B94F598}.Ad-Hoc|iPhoneSimulator.Build.0 = Release|Any CPU
		{92E2AAD5-353B-472E-9E1A-7E083B94F598}.Ad-Hoc|x86.ActiveCfg = Release|Any CPU
		{92E2AAD5-353B-472E-9E1A-7E083B94F598}.Ad-Hoc|x86.Build.0 = Release|Any CPU
		{92E2AAD5-353B-472E-9E1A-7E083B94F598}.AppStore|Any CPU.ActiveCfg = Release|Any CPU
		{92E2AAD5-353B-472E-9E1A-7E083B94F598}.AppStore|Any CPU.Build.0 = Release|Any CPU
		{92E2AAD5-353B-472E-9E1A-7E083B94F598}.AppStore|ARM.ActiveCfg = Release|Any CPU
		{92E2AAD5-353B-472E-9E1A-7E083B94F598}.AppStore|ARM.Build.0 = Release|Any CPU
		{92E2AAD5-353B-472E-9E1A-7E083B94F598}.AppStore|iPhone.ActiveCfg = Release|Any CPU
		{92E2AAD5-353B-472E-9E1A-7E083B94F598}.AppStore|iPhone.Build.0 = Release|Any CPU
		{92E2AAD5-353B-472E-9E1A-7E083B94F598}.AppStore|iPhoneSimulator.ActiveCfg = Release|Any CPU
		{92E2AAD5-353B-472E-9E1A-7E083B94F598}.AppStore|iPhoneSimulator.Build.0 = Release|Any CPU
		{92E2AAD5-353B-472E-9E1A-7E083B94F598}.AppStore|x86.ActiveCfg = Release|Any CPU
		{92E2AAD5-353B-472E-9E1A-7E083B94F598}.AppStore|x86.Build.0 = Release|Any CPU
		{92E2AAD5-353B-472E-9E1A-7E083B94F598}.Debug|Any CPU.ActiveCfg = Debug|Any CPU
		{92E2AAD5-353B-472E-9E1A-7E083B94F598}.Debug|Any CPU.Build.0 = Debug|Any CPU
		{92E2AAD5-353B-472E-9E1A-7E083B94F598}.Debug|ARM.ActiveCfg = Debug|Any CPU
		{92E2AAD5-353B-472E-9E1A-7E083B94F598}.Debug|ARM.Build.0 = Debug|Any CPU
		{92E2AAD5-353B-472E-9E1A-7E083B94F598}.Debug|iPhone.ActiveCfg = Debug|Any CPU
		{92E2AAD5-353B-472E-9E1A-7E083B94F598}.Debug|iPhone.Build.0 = Debug|Any CPU
		{92E2AAD5-353B-472E-9E1A-7E083B94F598}.Debug|iPhoneSimulator.ActiveCfg = Debug|Any CPU
		{92E2AAD5-353B-472E-9E1A-7E083B94F598}.Debug|iPhoneSimulator.Build.0 = Debug|Any CPU
		{92E2AAD5-353B-472E-9E1A-7E083B94F598}.Debug|x86.ActiveCfg = Debug|Any CPU
		{92E2AAD5-353B-472E-9E1A-7E083B94F598}.Debug|x86.Build.0 = Debug|Any CPU
		{92E2AAD5-353B-472E-9E1A-7E083B94F598}.Release|Any CPU.ActiveCfg = Release|Any CPU
		{92E2AAD5-353B-472E-9E1A-7E083B94F598}.Release|Any CPU.Build.0 = Release|Any CPU
		{92E2AAD5-353B-472E-9E1A-7E083B94F598}.Release|ARM.ActiveCfg = Release|Any CPU
		{92E2AAD5-353B-472E-9E1A-7E083B94F598}.Release|ARM.Build.0 = Release|Any CPU
		{92E2AAD5-353B-472E-9E1A-7E083B94F598}.Release|iPhone.ActiveCfg = Release|Any CPU
		{92E2AAD5-353B-472E-9E1A-7E083B94F598}.Release|iPhone.Build.0 = Release|Any CPU
		{92E2AAD5-353B-472E-9E1A-7E083B94F598}.Release|iPhoneSimulator.ActiveCfg = Release|Any CPU
		{92E2AAD5-353B-472E-9E1A-7E083B94F598}.Release|iPhoneSimulator.Build.0 = Release|Any CPU
		{92E2AAD5-353B-472E-9E1A-7E083B94F598}.Release|x86.ActiveCfg = Release|Any CPU
		{92E2AAD5-353B-472E-9E1A-7E083B94F598}.Release|x86.Build.0 = Release|Any CPU
		{41F843D7-50E4-4223-9201-BF0B5EB85C91}.Ad-Hoc|Any CPU.ActiveCfg = Release|Any CPU
		{41F843D7-50E4-4223-9201-BF0B5EB85C91}.Ad-Hoc|Any CPU.Build.0 = Release|Any CPU
		{41F843D7-50E4-4223-9201-BF0B5EB85C91}.Ad-Hoc|ARM.ActiveCfg = Release|Any CPU
		{41F843D7-50E4-4223-9201-BF0B5EB85C91}.Ad-Hoc|ARM.Build.0 = Release|Any CPU
		{41F843D7-50E4-4223-9201-BF0B5EB85C91}.Ad-Hoc|iPhone.ActiveCfg = Release|Any CPU
		{41F843D7-50E4-4223-9201-BF0B5EB85C91}.Ad-Hoc|iPhone.Build.0 = Release|Any CPU
		{41F843D7-50E4-4223-9201-BF0B5EB85C91}.Ad-Hoc|iPhoneSimulator.ActiveCfg = Release|Any CPU
		{41F843D7-50E4-4223-9201-BF0B5EB85C91}.Ad-Hoc|iPhoneSimulator.Build.0 = Release|Any CPU
		{41F843D7-50E4-4223-9201-BF0B5EB85C91}.Ad-Hoc|x86.ActiveCfg = Release|Any CPU
		{41F843D7-50E4-4223-9201-BF0B5EB85C91}.Ad-Hoc|x86.Build.0 = Release|Any CPU
		{41F843D7-50E4-4223-9201-BF0B5EB85C91}.AppStore|Any CPU.ActiveCfg = Release|Any CPU
		{41F843D7-50E4-4223-9201-BF0B5EB85C91}.AppStore|Any CPU.Build.0 = Release|Any CPU
		{41F843D7-50E4-4223-9201-BF0B5EB85C91}.AppStore|ARM.ActiveCfg = Release|Any CPU
		{41F843D7-50E4-4223-9201-BF0B5EB85C91}.AppStore|ARM.Build.0 = Release|Any CPU
		{41F843D7-50E4-4223-9201-BF0B5EB85C91}.AppStore|iPhone.ActiveCfg = Release|Any CPU
		{41F843D7-50E4-4223-9201-BF0B5EB85C91}.AppStore|iPhone.Build.0 = Release|Any CPU
		{41F843D7-50E4-4223-9201-BF0B5EB85C91}.AppStore|iPhoneSimulator.ActiveCfg = Release|Any CPU
		{41F843D7-50E4-4223-9201-BF0B5EB85C91}.AppStore|iPhoneSimulator.Build.0 = Release|Any CPU
		{41F843D7-50E4-4223-9201-BF0B5EB85C91}.AppStore|x86.ActiveCfg = Release|Any CPU
		{41F843D7-50E4-4223-9201-BF0B5EB85C91}.AppStore|x86.Build.0 = Release|Any CPU
		{41F843D7-50E4-4223-9201-BF0B5EB85C91}.Debug|Any CPU.ActiveCfg = Debug|Any CPU
		{41F843D7-50E4-4223-9201-BF0B5EB85C91}.Debug|Any CPU.Build.0 = Debug|Any CPU
		{41F843D7-50E4-4223-9201-BF0B5EB85C91}.Debug|ARM.ActiveCfg = Debug|Any CPU
		{41F843D7-50E4-4223-9201-BF0B5EB85C91}.Debug|ARM.Build.0 = Debug|Any CPU
		{41F843D7-50E4-4223-9201-BF0B5EB85C91}.Debug|iPhone.ActiveCfg = Debug|Any CPU
		{41F843D7-50E4-4223-9201-BF0B5EB85C91}.Debug|iPhone.Build.0 = Debug|Any CPU
		{41F843D7-50E4-4223-9201-BF0B5EB85C91}.Debug|iPhoneSimulator.ActiveCfg = Debug|Any CPU
		{41F843D7-50E4-4223-9201-BF0B5EB85C91}.Debug|iPhoneSimulator.Build.0 = Debug|Any CPU
		{41F843D7-50E4-4223-9201-BF0B5EB85C91}.Debug|x86.ActiveCfg = Debug|Any CPU
		{41F843D7-50E4-4223-9201-BF0B5EB85C91}.Debug|x86.Build.0 = Debug|Any CPU
		{41F843D7-50E4-4223-9201-BF0B5EB85C91}.Release|Any CPU.ActiveCfg = Release|Any CPU
		{41F843D7-50E4-4223-9201-BF0B5EB85C91}.Release|Any CPU.Build.0 = Release|Any CPU
		{41F843D7-50E4-4223-9201-BF0B5EB85C91}.Release|ARM.ActiveCfg = Release|Any CPU
		{41F843D7-50E4-4223-9201-BF0B5EB85C91}.Release|ARM.Build.0 = Release|Any CPU
		{41F843D7-50E4-4223-9201-BF0B5EB85C91}.Release|iPhone.ActiveCfg = Release|Any CPU
		{41F843D7-50E4-4223-9201-BF0B5EB85C91}.Release|iPhone.Build.0 = Release|Any CPU
		{41F843D7-50E4-4223-9201-BF0B5EB85C91}.Release|iPhoneSimulator.ActiveCfg = Release|Any CPU
		{41F843D7-50E4-4223-9201-BF0B5EB85C91}.Release|iPhoneSimulator.Build.0 = Release|Any CPU
		{41F843D7-50E4-4223-9201-BF0B5EB85C91}.Release|x86.ActiveCfg = Release|Any CPU
		{41F843D7-50E4-4223-9201-BF0B5EB85C91}.Release|x86.Build.0 = Release|Any CPU
		{8314E081-A9AF-4AD6-AB2A-25DC8C50D6C5}.Ad-Hoc|Any CPU.ActiveCfg = Ad-Hoc|iPhone
		{8314E081-A9AF-4AD6-AB2A-25DC8C50D6C5}.Ad-Hoc|ARM.ActiveCfg = Ad-Hoc|iPhone
		{8314E081-A9AF-4AD6-AB2A-25DC8C50D6C5}.Ad-Hoc|iPhone.ActiveCfg = Ad-Hoc|iPhone
		{8314E081-A9AF-4AD6-AB2A-25DC8C50D6C5}.Ad-Hoc|iPhone.Build.0 = Ad-Hoc|iPhone
		{8314E081-A9AF-4AD6-AB2A-25DC8C50D6C5}.Ad-Hoc|iPhoneSimulator.ActiveCfg = Ad-Hoc|iPhoneSimulator
		{8314E081-A9AF-4AD6-AB2A-25DC8C50D6C5}.Ad-Hoc|iPhoneSimulator.Build.0 = Ad-Hoc|iPhoneSimulator
		{8314E081-A9AF-4AD6-AB2A-25DC8C50D6C5}.Ad-Hoc|x86.ActiveCfg = Ad-Hoc|iPhone
		{8314E081-A9AF-4AD6-AB2A-25DC8C50D6C5}.AppStore|Any CPU.ActiveCfg = AppStore|iPhone
		{8314E081-A9AF-4AD6-AB2A-25DC8C50D6C5}.AppStore|ARM.ActiveCfg = AppStore|iPhone
		{8314E081-A9AF-4AD6-AB2A-25DC8C50D6C5}.AppStore|iPhone.ActiveCfg = AppStore|iPhone
		{8314E081-A9AF-4AD6-AB2A-25DC8C50D6C5}.AppStore|iPhone.Build.0 = AppStore|iPhone
		{8314E081-A9AF-4AD6-AB2A-25DC8C50D6C5}.AppStore|iPhoneSimulator.ActiveCfg = AppStore|iPhoneSimulator
		{8314E081-A9AF-4AD6-AB2A-25DC8C50D6C5}.AppStore|iPhoneSimulator.Build.0 = AppStore|iPhoneSimulator
		{8314E081-A9AF-4AD6-AB2A-25DC8C50D6C5}.AppStore|x86.ActiveCfg = AppStore|iPhone
		{8314E081-A9AF-4AD6-AB2A-25DC8C50D6C5}.Debug|Any CPU.ActiveCfg = Debug|iPhone
		{8314E081-A9AF-4AD6-AB2A-25DC8C50D6C5}.Debug|ARM.ActiveCfg = Debug|iPhone
		{8314E081-A9AF-4AD6-AB2A-25DC8C50D6C5}.Debug|iPhone.ActiveCfg = Debug|iPhone
		{8314E081-A9AF-4AD6-AB2A-25DC8C50D6C5}.Debug|iPhone.Build.0 = Debug|iPhone
		{8314E081-A9AF-4AD6-AB2A-25DC8C50D6C5}.Debug|iPhoneSimulator.ActiveCfg = Debug|iPhoneSimulator
		{8314E081-A9AF-4AD6-AB2A-25DC8C50D6C5}.Debug|iPhoneSimulator.Build.0 = Debug|iPhoneSimulator
		{8314E081-A9AF-4AD6-AB2A-25DC8C50D6C5}.Debug|x86.ActiveCfg = Debug|iPhone
		{8314E081-A9AF-4AD6-AB2A-25DC8C50D6C5}.Release|Any CPU.ActiveCfg = Release|iPhone
		{8314E081-A9AF-4AD6-AB2A-25DC8C50D6C5}.Release|ARM.ActiveCfg = Release|iPhone
		{8314E081-A9AF-4AD6-AB2A-25DC8C50D6C5}.Release|iPhone.ActiveCfg = Release|iPhone
		{8314E081-A9AF-4AD6-AB2A-25DC8C50D6C5}.Release|iPhone.Build.0 = Release|iPhone
		{8314E081-A9AF-4AD6-AB2A-25DC8C50D6C5}.Release|iPhoneSimulator.ActiveCfg = Release|iPhoneSimulator
		{8314E081-A9AF-4AD6-AB2A-25DC8C50D6C5}.Release|iPhoneSimulator.Build.0 = Release|iPhoneSimulator
		{8314E081-A9AF-4AD6-AB2A-25DC8C50D6C5}.Release|x86.ActiveCfg = Release|iPhone
		{CCBF5D54-EB55-4968-9C50-F614EE697616}.Ad-Hoc|Any CPU.ActiveCfg = Release|Any CPU
		{CCBF5D54-EB55-4968-9C50-F614EE697616}.Ad-Hoc|Any CPU.Build.0 = Release|Any CPU
		{CCBF5D54-EB55-4968-9C50-F614EE697616}.Ad-Hoc|Any CPU.Deploy.0 = Release|Any CPU
		{CCBF5D54-EB55-4968-9C50-F614EE697616}.Ad-Hoc|ARM.ActiveCfg = Release|Any CPU
		{CCBF5D54-EB55-4968-9C50-F614EE697616}.Ad-Hoc|ARM.Build.0 = Release|Any CPU
		{CCBF5D54-EB55-4968-9C50-F614EE697616}.Ad-Hoc|ARM.Deploy.0 = Release|Any CPU
		{CCBF5D54-EB55-4968-9C50-F614EE697616}.Ad-Hoc|iPhone.ActiveCfg = Release|Any CPU
		{CCBF5D54-EB55-4968-9C50-F614EE697616}.Ad-Hoc|iPhone.Build.0 = Release|Any CPU
		{CCBF5D54-EB55-4968-9C50-F614EE697616}.Ad-Hoc|iPhone.Deploy.0 = Release|Any CPU
		{CCBF5D54-EB55-4968-9C50-F614EE697616}.Ad-Hoc|iPhoneSimulator.ActiveCfg = Release|Any CPU
		{CCBF5D54-EB55-4968-9C50-F614EE697616}.Ad-Hoc|iPhoneSimulator.Build.0 = Release|Any CPU
		{CCBF5D54-EB55-4968-9C50-F614EE697616}.Ad-Hoc|iPhoneSimulator.Deploy.0 = Release|Any CPU
		{CCBF5D54-EB55-4968-9C50-F614EE697616}.Ad-Hoc|x86.ActiveCfg = Release|Any CPU
		{CCBF5D54-EB55-4968-9C50-F614EE697616}.Ad-Hoc|x86.Build.0 = Release|Any CPU
		{CCBF5D54-EB55-4968-9C50-F614EE697616}.Ad-Hoc|x86.Deploy.0 = Release|Any CPU
		{CCBF5D54-EB55-4968-9C50-F614EE697616}.AppStore|Any CPU.ActiveCfg = Release|Any CPU
		{CCBF5D54-EB55-4968-9C50-F614EE697616}.AppStore|Any CPU.Build.0 = Release|Any CPU
		{CCBF5D54-EB55-4968-9C50-F614EE697616}.AppStore|Any CPU.Deploy.0 = Release|Any CPU
		{CCBF5D54-EB55-4968-9C50-F614EE697616}.AppStore|ARM.ActiveCfg = Release|Any CPU
		{CCBF5D54-EB55-4968-9C50-F614EE697616}.AppStore|ARM.Build.0 = Release|Any CPU
		{CCBF5D54-EB55-4968-9C50-F614EE697616}.AppStore|ARM.Deploy.0 = Release|Any CPU
		{CCBF5D54-EB55-4968-9C50-F614EE697616}.AppStore|iPhone.ActiveCfg = Release|Any CPU
		{CCBF5D54-EB55-4968-9C50-F614EE697616}.AppStore|iPhone.Build.0 = Release|Any CPU
		{CCBF5D54-EB55-4968-9C50-F614EE697616}.AppStore|iPhone.Deploy.0 = Release|Any CPU
		{CCBF5D54-EB55-4968-9C50-F614EE697616}.AppStore|iPhoneSimulator.ActiveCfg = Release|Any CPU
		{CCBF5D54-EB55-4968-9C50-F614EE697616}.AppStore|iPhoneSimulator.Build.0 = Release|Any CPU
		{CCBF5D54-EB55-4968-9C50-F614EE697616}.AppStore|iPhoneSimulator.Deploy.0 = Release|Any CPU
		{CCBF5D54-EB55-4968-9C50-F614EE697616}.AppStore|x86.ActiveCfg = Release|Any CPU
		{CCBF5D54-EB55-4968-9C50-F614EE697616}.AppStore|x86.Build.0 = Release|Any CPU
		{CCBF5D54-EB55-4968-9C50-F614EE697616}.AppStore|x86.Deploy.0 = Release|Any CPU
		{CCBF5D54-EB55-4968-9C50-F614EE697616}.Debug|Any CPU.ActiveCfg = Debug|Any CPU
		{CCBF5D54-EB55-4968-9C50-F614EE697616}.Debug|Any CPU.Build.0 = Debug|Any CPU
		{CCBF5D54-EB55-4968-9C50-F614EE697616}.Debug|Any CPU.Deploy.0 = Debug|Any CPU
		{CCBF5D54-EB55-4968-9C50-F614EE697616}.Debug|ARM.ActiveCfg = Debug|Any CPU
		{CCBF5D54-EB55-4968-9C50-F614EE697616}.Debug|ARM.Build.0 = Debug|Any CPU
		{CCBF5D54-EB55-4968-9C50-F614EE697616}.Debug|ARM.Deploy.0 = Debug|Any CPU
		{CCBF5D54-EB55-4968-9C50-F614EE697616}.Debug|iPhone.ActiveCfg = Debug|Any CPU
		{CCBF5D54-EB55-4968-9C50-F614EE697616}.Debug|iPhone.Build.0 = Debug|Any CPU
		{CCBF5D54-EB55-4968-9C50-F614EE697616}.Debug|iPhone.Deploy.0 = Debug|Any CPU
		{CCBF5D54-EB55-4968-9C50-F614EE697616}.Debug|iPhoneSimulator.ActiveCfg = Debug|Any CPU
		{CCBF5D54-EB55-4968-9C50-F614EE697616}.Debug|iPhoneSimulator.Build.0 = Debug|Any CPU
		{CCBF5D54-EB55-4968-9C50-F614EE697616}.Debug|iPhoneSimulator.Deploy.0 = Debug|Any CPU
		{CCBF5D54-EB55-4968-9C50-F614EE697616}.Debug|x86.ActiveCfg = Debug|Any CPU
		{CCBF5D54-EB55-4968-9C50-F614EE697616}.Debug|x86.Build.0 = Debug|Any CPU
		{CCBF5D54-EB55-4968-9C50-F614EE697616}.Debug|x86.Deploy.0 = Debug|Any CPU
		{CCBF5D54-EB55-4968-9C50-F614EE697616}.Release|Any CPU.ActiveCfg = Release|Any CPU
		{CCBF5D54-EB55-4968-9C50-F614EE697616}.Release|Any CPU.Build.0 = Release|Any CPU
		{CCBF5D54-EB55-4968-9C50-F614EE697616}.Release|Any CPU.Deploy.0 = Release|Any CPU
		{CCBF5D54-EB55-4968-9C50-F614EE697616}.Release|ARM.ActiveCfg = Release|Any CPU
		{CCBF5D54-EB55-4968-9C50-F614EE697616}.Release|ARM.Build.0 = Release|Any CPU
		{CCBF5D54-EB55-4968-9C50-F614EE697616}.Release|ARM.Deploy.0 = Release|Any CPU
		{CCBF5D54-EB55-4968-9C50-F614EE697616}.Release|iPhone.ActiveCfg = Release|Any CPU
		{CCBF5D54-EB55-4968-9C50-F614EE697616}.Release|iPhone.Build.0 = Release|Any CPU
		{CCBF5D54-EB55-4968-9C50-F614EE697616}.Release|iPhone.Deploy.0 = Release|Any CPU
		{CCBF5D54-EB55-4968-9C50-F614EE697616}.Release|iPhoneSimulator.ActiveCfg = Release|Any CPU
		{CCBF5D54-EB55-4968-9C50-F614EE697616}.Release|iPhoneSimulator.Build.0 = Release|Any CPU
		{CCBF5D54-EB55-4968-9C50-F614EE697616}.Release|iPhoneSimulator.Deploy.0 = Release|Any CPU
		{CCBF5D54-EB55-4968-9C50-F614EE697616}.Release|x86.ActiveCfg = Release|Any CPU
		{CCBF5D54-EB55-4968-9C50-F614EE697616}.Release|x86.Build.0 = Release|Any CPU
		{CCBF5D54-EB55-4968-9C50-F614EE697616}.Release|x86.Deploy.0 = Release|Any CPU
	EndGlobalSection
	GlobalSection(SolutionProperties) = preSolution
		HideSolutionNode = FALSE
	EndGlobalSection
	GlobalSection(NestedProjects) = preSolution
		{5C8E128C-43C4-4652-BFBD-EB792A88AD47} = {FA27C246-F662-4BDB-B3C9-17E8B236EB9E}
		{8314E081-A9AF-4AD6-AB2A-25DC8C50D6C5} = {FA27C246-F662-4BDB-B3C9-17E8B236EB9E}
		{CCBF5D54-EB55-4968-9C50-F614EE697616} = {FA27C246-F662-4BDB-B3C9-17E8B236EB9E}
	EndGlobalSection
EndGlobal
